// !$*UTF8*$!
{
	archiveVersion = 1;
	classes = {
	};
	objectVersion = 51;
	objects = {

/* Begin PBXBuildFile section */
		183D27822477236D007708C8 /* ItemPhotoCVCell.swift in Sources */ = {isa = PBXBuildFile; fileRef = 183D27812477236D007708C8 /* ItemPhotoCVCell.swift */; };
		183DC317247452E800422D8D /* LoginVC.swift in Sources */ = {isa = PBXBuildFile; fileRef = 183DC316247452E800422D8D /* LoginVC.swift */; };
		183DE637247C4A760074C681 /* ItemForUpload.swift in Sources */ = {isa = PBXBuildFile; fileRef = 183DE636247C4A760074C681 /* ItemForUpload.swift */; };
		183E352B24730DA300D0C20B /* Protocols.swift in Sources */ = {isa = PBXBuildFile; fileRef = 183E352A24730DA300D0C20B /* Protocols.swift */; };
		183E352D247319D100D0C20B /* Service.swift in Sources */ = {isa = PBXBuildFile; fileRef = 183E352C247319D100D0C20B /* Service.swift */; };
		183E352F24731BDB00D0C20B /* Constants.swift in Sources */ = {isa = PBXBuildFile; fileRef = 183E352E24731BDB00D0C20B /* Constants.swift */; };
		183E40852486BBE600064F65 /* CategoryPicker.swift in Sources */ = {isa = PBXBuildFile; fileRef = 183E40842486BBE600064F65 /* CategoryPicker.swift */; };
		183E7750248D21920096537D /* SearchOptionsMenuView.swift in Sources */ = {isa = PBXBuildFile; fileRef = 183E774F248D21920096537D /* SearchOptionsMenuView.swift */; };
		183E7752248D5CEC0096537D /* DownloadedItem.swift in Sources */ = {isa = PBXBuildFile; fileRef = 183E7751248D5CEC0096537D /* DownloadedItem.swift */; };
		183EA35C248423880082BAB0 /* MainItemCVDataSource.swift in Sources */ = {isa = PBXBuildFile; fileRef = 183EA35B248423880082BAB0 /* MainItemCVDataSource.swift */; };
		183FBD9A248C4F38006A7D3A /* SearchItemTableViewCell.swift in Sources */ = {isa = PBXBuildFile; fileRef = 183FBD99248C4F38006A7D3A /* SearchItemTableViewCell.swift */; };
		183FBD9E248CE73D006A7D3A /* Validation Service Tests.swift in Sources */ = {isa = PBXBuildFile; fileRef = 183FBD9D248CE73D006A7D3A /* Validation Service Tests.swift */; };
		183FBEC9248ECF8B00F9399C /* CustomImageVIew.swift in Sources */ = {isa = PBXBuildFile; fileRef = 183FBEC8248ECF8B00F9399C /* CustomImageVIew.swift */; };
		183FBECB24901C0800F9399C /* Search Options Menu View Tests.swift in Sources */ = {isa = PBXBuildFile; fileRef = 183FBECA24901C0800F9399C /* Search Options Menu View Tests.swift */; };
		183FBED42492B2CD00F9399C /* SearchModule.swift in Sources */ = {isa = PBXBuildFile; fileRef = 183FBECE2492B1A600F9399C /* SearchModule.swift */; };
		183FBED52492B3DC00F9399C /* SearchTableVC.swift in Sources */ = {isa = PBXBuildFile; fileRef = 183FBD97248C41A4006A7D3A /* SearchTableVC.swift */; };
		183FBED62492B42300F9399C /* SearchTableDataSourceAndDelegate.swift in Sources */ = {isa = PBXBuildFile; fileRef = 183FBECC2492B14000F9399C /* SearchTableDataSourceAndDelegate.swift */; };
		183FBED72492B42E00F9399C /* SearchOptionsMenuVC.swift in Sources */ = {isa = PBXBuildFile; fileRef = 183FBD9B248CE194006A7D3A /* SearchOptionsMenuVC.swift */; };
		183FBED92492CB0300F9399C /* Search Item Table View Cell Tests.swift in Sources */ = {isa = PBXBuildFile; fileRef = 183FBED82492CB0300F9399C /* Search Item Table View Cell Tests.swift */; };
		183FBEDB2493BA6C00F9399C /* Downloaded Item Tests.swift in Sources */ = {isa = PBXBuildFile; fileRef = 183FBEDA2493BA6C00F9399C /* Downloaded Item Tests.swift */; };
		183FBEDD2496BE4200F9399C /* Mock Item Service.swift in Sources */ = {isa = PBXBuildFile; fileRef = 183FBEDC2496BE4200F9399C /* Mock Item Service.swift */; };
		183FBEDF2496C1F100F9399C /* Item Service Tests.swift in Sources */ = {isa = PBXBuildFile; fileRef = 183FBEDE2496C1F100F9399C /* Item Service Tests.swift */; };
		18432450246EFA7700FB98E6 /* AppDelegate.swift in Sources */ = {isa = PBXBuildFile; fileRef = 1843244F246EFA7700FB98E6 /* AppDelegate.swift */; };
		18432452246EFA7700FB98E6 /* SceneDelegate.swift in Sources */ = {isa = PBXBuildFile; fileRef = 18432451246EFA7700FB98E6 /* SceneDelegate.swift */; };
		18432457246EFA7700FB98E6 /* Main.storyboard in Resources */ = {isa = PBXBuildFile; fileRef = 18432455246EFA7700FB98E6 /* Main.storyboard */; };
		18432459246EFA7A00FB98E6 /* Assets.xcassets in Resources */ = {isa = PBXBuildFile; fileRef = 18432458246EFA7A00FB98E6 /* Assets.xcassets */; };
		1843245C246EFA7A00FB98E6 /* LaunchScreen.storyboard in Resources */ = {isa = PBXBuildFile; fileRef = 1843245A246EFA7A00FB98E6 /* LaunchScreen.storyboard */; };
		18432472246EFA7A00FB98E6 /* ItemFinderUITests.swift in Sources */ = {isa = PBXBuildFile; fileRef = 18432471246EFA7A00FB98E6 /* ItemFinderUITests.swift */; };
		18432481246EFAA300FB98E6 /* Item.swift in Sources */ = {isa = PBXBuildFile; fileRef = 18432480246EFAA300FB98E6 /* Item.swift */; };
		18432484246EFF2F00FB98E6 /* ItemCell.swift in Sources */ = {isa = PBXBuildFile; fileRef = 18432483246EFF2F00FB98E6 /* ItemCell.swift */; };
		18432487246F152B00FB98E6 /* MainItemCollectionView.swift in Sources */ = {isa = PBXBuildFile; fileRef = 18432486246F152B00FB98E6 /* MainItemCollectionView.swift */; };
		1843248A246F1B2500FB98E6 /* Extensions.swift in Sources */ = {isa = PBXBuildFile; fileRef = 18432489246F1B2500FB98E6 /* Extensions.swift */; };
		1843248C246F2FB400FB98E6 /* ProfileVC.swift in Sources */ = {isa = PBXBuildFile; fileRef = 1843248B246F2FB400FB98E6 /* ProfileVC.swift */; };
		1843248E246F4A3A00FB98E6 /* AddItemVC.swift in Sources */ = {isa = PBXBuildFile; fileRef = 1843248D246F4A3A00FB98E6 /* AddItemVC.swift */; };
		184952BC249AA968006C66C7 /* Search Item Table View Tests.swift in Sources */ = {isa = PBXBuildFile; fileRef = 184952BB249AA968006C66C7 /* Search Item Table View Tests.swift */; };
		184A259E2489892C0013C122 /* SignUpView.swift in Sources */ = {isa = PBXBuildFile; fileRef = 184A259D2489892C0013C122 /* SignUpView.swift */; };
		184A25A024898C250013C122 /* LocationManager.swift in Sources */ = {isa = PBXBuildFile; fileRef = 184A259F24898C250013C122 /* LocationManager.swift */; };
		188B4ACA2471839500C39B0C /* GoogleService-Info.plist in Resources */ = {isa = PBXBuildFile; fileRef = 188B4AC92471839500C39B0C /* GoogleService-Info.plist */; };
		188B4ACC247185AA00C39B0C /* GoogleService-Info.plist in Resources */ = {isa = PBXBuildFile; fileRef = 188B4ACB247185A900C39B0C /* GoogleService-Info.plist */; };
		188B4ACF2471949000C39B0C /* SignUpVC.swift in Sources */ = {isa = PBXBuildFile; fileRef = 188B4ACE2471949000C39B0C /* SignUpVC.swift */; };
		188B4AD12471950600C39B0C /* ConfirmButton.swift in Sources */ = {isa = PBXBuildFile; fileRef = 188B4AD02471950600C39B0C /* ConfirmButton.swift */; };
		18E663732480010C003CAB13 /* ValidationService.swift in Sources */ = {isa = PBXBuildFile; fileRef = 18E663722480010C003CAB13 /* ValidationService.swift */; };
		18E66377248003B5003CAB13 /* ImageSelectorDelegate.swift in Sources */ = {isa = PBXBuildFile; fileRef = 18E66376248003B5003CAB13 /* ImageSelectorDelegate.swift */; };
		18E6637924800440003CAB13 /* PhotoCVDelegate.swift in Sources */ = {isa = PBXBuildFile; fileRef = 18E6637824800440003CAB13 /* PhotoCVDelegate.swift */; };
		18E6637B2480046D003CAB13 /* PhotoCVDataSource.swift in Sources */ = {isa = PBXBuildFile; fileRef = 18E6637A2480046D003CAB13 /* PhotoCVDataSource.swift */; };
		18E6637D248004B7003CAB13 /* AddItemView.swift in Sources */ = {isa = PBXBuildFile; fileRef = 18E6637C248004B7003CAB13 /* AddItemView.swift */; };
		7678C790EFB2438FABD86242 /* Pods_ItemFinder_ItemFinderUITests.framework in Frameworks */ = {isa = PBXBuildFile; fileRef = A38D18D595F078CBE9A2EEF4 /* Pods_ItemFinder_ItemFinderUITests.framework */; };
		D9E7042997A34DC050E15414 /* Pods_ItemFinder.framework in Frameworks */ = {isa = PBXBuildFile; fileRef = BEC37F2E8165D47E9DD37620 /* Pods_ItemFinder.framework */; };
		E8826AFC7A4268CA1095F49C /* Pods_ItemFinderTests.framework in Frameworks */ = {isa = PBXBuildFile; fileRef = CF09C9EA7F0E26FB5E58ADD9 /* Pods_ItemFinderTests.framework */; };
/* End PBXBuildFile section */

/* Begin PBXContainerItemProxy section */
		18432463246EFA7A00FB98E6 /* PBXContainerItemProxy */ = {
			isa = PBXContainerItemProxy;
			containerPortal = 18432444246EFA7700FB98E6 /* Project object */;
			proxyType = 1;
			remoteGlobalIDString = 1843244B246EFA7700FB98E6;
			remoteInfo = ItemFinder;
		};
		1843246E246EFA7A00FB98E6 /* PBXContainerItemProxy */ = {
			isa = PBXContainerItemProxy;
			containerPortal = 18432444246EFA7700FB98E6 /* Project object */;
			proxyType = 1;
			remoteGlobalIDString = 1843244B246EFA7700FB98E6;
			remoteInfo = ItemFinder;
		};
/* End PBXContainerItemProxy section */

/* Begin PBXFileReference section */
		01ADD645B0A9BAF72A7B8DDA /* Pods-ItemFinder-ItemFinderUITests.release.xcconfig */ = {isa = PBXFileReference; includeInIndex = 1; lastKnownFileType = text.xcconfig; name = "Pods-ItemFinder-ItemFinderUITests.release.xcconfig"; path = "Target Support Files/Pods-ItemFinder-ItemFinderUITests/Pods-ItemFinder-ItemFinderUITests.release.xcconfig"; sourceTree = "<group>"; };
		183D27812477236D007708C8 /* ItemPhotoCVCell.swift */ = {isa = PBXFileReference; lastKnownFileType = sourcecode.swift; path = ItemPhotoCVCell.swift; sourceTree = "<group>"; };
		183DC316247452E800422D8D /* LoginVC.swift */ = {isa = PBXFileReference; lastKnownFileType = sourcecode.swift; path = LoginVC.swift; sourceTree = "<group>"; };
		183DE636247C4A760074C681 /* ItemForUpload.swift */ = {isa = PBXFileReference; lastKnownFileType = sourcecode.swift; path = ItemForUpload.swift; sourceTree = "<group>"; };
		183E352A24730DA300D0C20B /* Protocols.swift */ = {isa = PBXFileReference; lastKnownFileType = sourcecode.swift; path = Protocols.swift; sourceTree = "<group>"; };
		183E352C247319D100D0C20B /* Service.swift */ = {isa = PBXFileReference; lastKnownFileType = sourcecode.swift; path = Service.swift; sourceTree = "<group>"; };
		183E352E24731BDB00D0C20B /* Constants.swift */ = {isa = PBXFileReference; lastKnownFileType = sourcecode.swift; path = Constants.swift; sourceTree = "<group>"; };
		183E40842486BBE600064F65 /* CategoryPicker.swift */ = {isa = PBXFileReference; lastKnownFileType = sourcecode.swift; name = CategoryPicker.swift; path = "/Users/mattiastornqvist/Desktop/Programmering/ItemFinder/ItemFinder/Controller/Add Item/CategoryPicker.swift"; sourceTree = "<absolute>"; };
		183E774F248D21920096537D /* SearchOptionsMenuView.swift */ = {isa = PBXFileReference; lastKnownFileType = sourcecode.swift; path = SearchOptionsMenuView.swift; sourceTree = "<group>"; };
		183E7751248D5CEC0096537D /* DownloadedItem.swift */ = {isa = PBXFileReference; lastKnownFileType = sourcecode.swift; path = DownloadedItem.swift; sourceTree = "<group>"; };
		183EA35B248423880082BAB0 /* MainItemCVDataSource.swift */ = {isa = PBXFileReference; lastKnownFileType = sourcecode.swift; path = MainItemCVDataSource.swift; sourceTree = "<group>"; };
		183FBD97248C41A4006A7D3A /* SearchTableVC.swift */ = {isa = PBXFileReference; lastKnownFileType = sourcecode.swift; path = SearchTableVC.swift; sourceTree = "<group>"; };
		183FBD99248C4F38006A7D3A /* SearchItemTableViewCell.swift */ = {isa = PBXFileReference; lastKnownFileType = sourcecode.swift; path = SearchItemTableViewCell.swift; sourceTree = "<group>"; };
		183FBD9B248CE194006A7D3A /* SearchOptionsMenuVC.swift */ = {isa = PBXFileReference; lastKnownFileType = sourcecode.swift; path = SearchOptionsMenuVC.swift; sourceTree = "<group>"; };
		183FBD9D248CE73D006A7D3A /* Validation Service Tests.swift */ = {isa = PBXFileReference; lastKnownFileType = sourcecode.swift; path = "Validation Service Tests.swift"; sourceTree = "<group>"; };
		183FBEC8248ECF8B00F9399C /* CustomImageVIew.swift */ = {isa = PBXFileReference; lastKnownFileType = sourcecode.swift; path = CustomImageVIew.swift; sourceTree = "<group>"; };
		183FBECA24901C0800F9399C /* Search Options Menu View Tests.swift */ = {isa = PBXFileReference; lastKnownFileType = sourcecode.swift; path = "Search Options Menu View Tests.swift"; sourceTree = "<group>"; };
		183FBECC2492B14000F9399C /* SearchTableDataSourceAndDelegate.swift */ = {isa = PBXFileReference; lastKnownFileType = sourcecode.swift; path = SearchTableDataSourceAndDelegate.swift; sourceTree = "<group>"; };
		183FBECE2492B1A600F9399C /* SearchModule.swift */ = {isa = PBXFileReference; lastKnownFileType = sourcecode.swift; path = SearchModule.swift; sourceTree = "<group>"; };
		183FBED82492CB0300F9399C /* Search Item Table View Cell Tests.swift */ = {isa = PBXFileReference; lastKnownFileType = sourcecode.swift; path = "Search Item Table View Cell Tests.swift"; sourceTree = "<group>"; };
		183FBEDA2493BA6C00F9399C /* Downloaded Item Tests.swift */ = {isa = PBXFileReference; lastKnownFileType = sourcecode.swift; name = "Downloaded Item Tests.swift"; path = "ItemFinderTests/Downloaded Item Tests.swift"; sourceTree = SOURCE_ROOT; };
		183FBEDC2496BE4200F9399C /* Mock Item Service.swift */ = {isa = PBXFileReference; lastKnownFileType = sourcecode.swift; path = "Mock Item Service.swift"; sourceTree = "<group>"; };
		183FBEDE2496C1F100F9399C /* Item Service Tests.swift */ = {isa = PBXFileReference; lastKnownFileType = sourcecode.swift; path = "Item Service Tests.swift"; sourceTree = "<group>"; };
		1843244C246EFA7700FB98E6 /* ItemFinder.app */ = {isa = PBXFileReference; explicitFileType = wrapper.application; includeInIndex = 0; path = ItemFinder.app; sourceTree = BUILT_PRODUCTS_DIR; };
		1843244F246EFA7700FB98E6 /* AppDelegate.swift */ = {isa = PBXFileReference; lastKnownFileType = sourcecode.swift; path = AppDelegate.swift; sourceTree = "<group>"; };
		18432451246EFA7700FB98E6 /* SceneDelegate.swift */ = {isa = PBXFileReference; lastKnownFileType = sourcecode.swift; path = SceneDelegate.swift; sourceTree = "<group>"; };
		18432456246EFA7700FB98E6 /* Base */ = {isa = PBXFileReference; lastKnownFileType = file.storyboard; name = Base; path = Base.lproj/Main.storyboard; sourceTree = "<group>"; };
		18432458246EFA7A00FB98E6 /* Assets.xcassets */ = {isa = PBXFileReference; lastKnownFileType = folder.assetcatalog; path = Assets.xcassets; sourceTree = "<group>"; };
		1843245B246EFA7A00FB98E6 /* Base */ = {isa = PBXFileReference; lastKnownFileType = file.storyboard; name = Base; path = Base.lproj/LaunchScreen.storyboard; sourceTree = "<group>"; };
		1843245D246EFA7A00FB98E6 /* Info.plist */ = {isa = PBXFileReference; lastKnownFileType = text.plist.xml; path = Info.plist; sourceTree = "<group>"; };
		18432462246EFA7A00FB98E6 /* ItemFinderTests.xctest */ = {isa = PBXFileReference; explicitFileType = wrapper.cfbundle; includeInIndex = 0; path = ItemFinderTests.xctest; sourceTree = BUILT_PRODUCTS_DIR; };
		18432468246EFA7A00FB98E6 /* Info.plist */ = {isa = PBXFileReference; lastKnownFileType = text.plist.xml; path = Info.plist; sourceTree = "<group>"; };
		1843246D246EFA7A00FB98E6 /* ItemFinderUITests.xctest */ = {isa = PBXFileReference; explicitFileType = wrapper.cfbundle; includeInIndex = 0; path = ItemFinderUITests.xctest; sourceTree = BUILT_PRODUCTS_DIR; };
		18432471246EFA7A00FB98E6 /* ItemFinderUITests.swift */ = {isa = PBXFileReference; lastKnownFileType = sourcecode.swift; path = ItemFinderUITests.swift; sourceTree = "<group>"; };
		18432473246EFA7A00FB98E6 /* Info.plist */ = {isa = PBXFileReference; lastKnownFileType = text.plist.xml; path = Info.plist; sourceTree = "<group>"; };
		18432480246EFAA300FB98E6 /* Item.swift */ = {isa = PBXFileReference; lastKnownFileType = sourcecode.swift; path = Item.swift; sourceTree = "<group>"; };
		18432483246EFF2F00FB98E6 /* ItemCell.swift */ = {isa = PBXFileReference; lastKnownFileType = sourcecode.swift; path = ItemCell.swift; sourceTree = "<group>"; };
		18432486246F152B00FB98E6 /* MainItemCollectionView.swift */ = {isa = PBXFileReference; lastKnownFileType = sourcecode.swift; path = MainItemCollectionView.swift; sourceTree = "<group>"; };
		18432489246F1B2500FB98E6 /* Extensions.swift */ = {isa = PBXFileReference; lastKnownFileType = sourcecode.swift; path = Extensions.swift; sourceTree = "<group>"; };
		1843248B246F2FB400FB98E6 /* ProfileVC.swift */ = {isa = PBXFileReference; lastKnownFileType = sourcecode.swift; path = ProfileVC.swift; sourceTree = "<group>"; };
		1843248D246F4A3A00FB98E6 /* AddItemVC.swift */ = {isa = PBXFileReference; lastKnownFileType = sourcecode.swift; path = AddItemVC.swift; sourceTree = "<group>"; };
		184952BB249AA968006C66C7 /* Search Item Table View Tests.swift */ = {isa = PBXFileReference; lastKnownFileType = sourcecode.swift; path = "Search Item Table View Tests.swift"; sourceTree = "<group>"; };
		184A259D2489892C0013C122 /* SignUpView.swift */ = {isa = PBXFileReference; lastKnownFileType = sourcecode.swift; path = SignUpView.swift; sourceTree = "<group>"; };
		184A259F24898C250013C122 /* LocationManager.swift */ = {isa = PBXFileReference; lastKnownFileType = sourcecode.swift; path = LocationManager.swift; sourceTree = "<group>"; };
		188B4AC92471839500C39B0C /* GoogleService-Info.plist */ = {isa = PBXFileReference; fileEncoding = 4; lastKnownFileType = text.plist.xml; path = "GoogleService-Info.plist"; sourceTree = "<group>"; };
		188B4ACB247185A900C39B0C /* GoogleService-Info.plist */ = {isa = PBXFileReference; fileEncoding = 4; lastKnownFileType = text.plist.xml; path = "GoogleService-Info.plist"; sourceTree = "<group>"; };
		188B4ACE2471949000C39B0C /* SignUpVC.swift */ = {isa = PBXFileReference; lastKnownFileType = sourcecode.swift; path = SignUpVC.swift; sourceTree = "<group>"; };
		188B4AD02471950600C39B0C /* ConfirmButton.swift */ = {isa = PBXFileReference; lastKnownFileType = sourcecode.swift; path = ConfirmButton.swift; sourceTree = "<group>"; };
		18E663722480010C003CAB13 /* ValidationService.swift */ = {isa = PBXFileReference; lastKnownFileType = sourcecode.swift; path = ValidationService.swift; sourceTree = "<group>"; };
		18E66376248003B5003CAB13 /* ImageSelectorDelegate.swift */ = {isa = PBXFileReference; lastKnownFileType = sourcecode.swift; path = ImageSelectorDelegate.swift; sourceTree = "<group>"; };
		18E6637824800440003CAB13 /* PhotoCVDelegate.swift */ = {isa = PBXFileReference; lastKnownFileType = sourcecode.swift; path = PhotoCVDelegate.swift; sourceTree = "<group>"; };
		18E6637A2480046D003CAB13 /* PhotoCVDataSource.swift */ = {isa = PBXFileReference; lastKnownFileType = sourcecode.swift; path = PhotoCVDataSource.swift; sourceTree = "<group>"; };
		18E6637C248004B7003CAB13 /* AddItemView.swift */ = {isa = PBXFileReference; lastKnownFileType = sourcecode.swift; path = AddItemView.swift; sourceTree = "<group>"; };
		252357E27A6AAAF58E9FCAE6 /* Pods-ItemFinderTests.debug.xcconfig */ = {isa = PBXFileReference; includeInIndex = 1; lastKnownFileType = text.xcconfig; name = "Pods-ItemFinderTests.debug.xcconfig"; path = "Target Support Files/Pods-ItemFinderTests/Pods-ItemFinderTests.debug.xcconfig"; sourceTree = "<group>"; };
		2E356D867B5F1F124210C6E7 /* Pods-ItemFinderTests.release.xcconfig */ = {isa = PBXFileReference; includeInIndex = 1; lastKnownFileType = text.xcconfig; name = "Pods-ItemFinderTests.release.xcconfig"; path = "Target Support Files/Pods-ItemFinderTests/Pods-ItemFinderTests.release.xcconfig"; sourceTree = "<group>"; };
		3059B92ECF18A4C9DAEEE73B /* Pods-ItemFinder.release.xcconfig */ = {isa = PBXFileReference; includeInIndex = 1; lastKnownFileType = text.xcconfig; name = "Pods-ItemFinder.release.xcconfig"; path = "Target Support Files/Pods-ItemFinder/Pods-ItemFinder.release.xcconfig"; sourceTree = "<group>"; };
		A38D18D595F078CBE9A2EEF4 /* Pods_ItemFinder_ItemFinderUITests.framework */ = {isa = PBXFileReference; explicitFileType = wrapper.framework; includeInIndex = 0; path = Pods_ItemFinder_ItemFinderUITests.framework; sourceTree = BUILT_PRODUCTS_DIR; };
		BEC37F2E8165D47E9DD37620 /* Pods_ItemFinder.framework */ = {isa = PBXFileReference; explicitFileType = wrapper.framework; includeInIndex = 0; path = Pods_ItemFinder.framework; sourceTree = BUILT_PRODUCTS_DIR; };
		BF0E95CCED2DC42A8941287E /* Pods-ItemFinder-ItemFinderUITests.debug.xcconfig */ = {isa = PBXFileReference; includeInIndex = 1; lastKnownFileType = text.xcconfig; name = "Pods-ItemFinder-ItemFinderUITests.debug.xcconfig"; path = "Target Support Files/Pods-ItemFinder-ItemFinderUITests/Pods-ItemFinder-ItemFinderUITests.debug.xcconfig"; sourceTree = "<group>"; };
		CBBB4A8A533FFC29300922A7 /* Pods-ItemFinder.debug.xcconfig */ = {isa = PBXFileReference; includeInIndex = 1; lastKnownFileType = text.xcconfig; name = "Pods-ItemFinder.debug.xcconfig"; path = "Target Support Files/Pods-ItemFinder/Pods-ItemFinder.debug.xcconfig"; sourceTree = "<group>"; };
		CF09C9EA7F0E26FB5E58ADD9 /* Pods_ItemFinderTests.framework */ = {isa = PBXFileReference; explicitFileType = wrapper.framework; includeInIndex = 0; path = Pods_ItemFinderTests.framework; sourceTree = BUILT_PRODUCTS_DIR; };
/* End PBXFileReference section */

/* Begin PBXFrameworksBuildPhase section */
		18432449246EFA7700FB98E6 /* Frameworks */ = {
			isa = PBXFrameworksBuildPhase;
			buildActionMask = 2147483647;
			files = (
				D9E7042997A34DC050E15414 /* Pods_ItemFinder.framework in Frameworks */,
			);
			runOnlyForDeploymentPostprocessing = 0;
		};
		1843245F246EFA7A00FB98E6 /* Frameworks */ = {
			isa = PBXFrameworksBuildPhase;
			buildActionMask = 2147483647;
			files = (
				E8826AFC7A4268CA1095F49C /* Pods_ItemFinderTests.framework in Frameworks */,
			);
			runOnlyForDeploymentPostprocessing = 0;
		};
		1843246A246EFA7A00FB98E6 /* Frameworks */ = {
			isa = PBXFrameworksBuildPhase;
			buildActionMask = 2147483647;
			files = (
				7678C790EFB2438FABD86242 /* Pods_ItemFinder_ItemFinderUITests.framework in Frameworks */,
			);
			runOnlyForDeploymentPostprocessing = 0;
		};
/* End PBXFrameworksBuildPhase section */

/* Begin PBXGroup section */
		183FBED02492B26300F9399C /* Search Item */ = {
			isa = PBXGroup;
			children = (
				183FBD97248C41A4006A7D3A /* SearchTableVC.swift */,
				183FBECC2492B14000F9399C /* SearchTableDataSourceAndDelegate.swift */,
				183FBD9B248CE194006A7D3A /* SearchOptionsMenuVC.swift */,
			);
			path = "Search Item";
			sourceTree = "<group>";
		};
		183FBED32492B2AD00F9399C /* Main Controller */ = {
			isa = PBXGroup;
			children = (
				18432486246F152B00FB98E6 /* MainItemCollectionView.swift */,
				183EA35B248423880082BAB0 /* MainItemCVDataSource.swift */,
			);
			path = "Main Controller";
			sourceTree = "<group>";
		};
		18432443246EFA7700FB98E6 = {
			isa = PBXGroup;
			children = (
				1843244E246EFA7700FB98E6 /* ItemFinder */,
				18432465246EFA7A00FB98E6 /* ItemFinderTests */,
				18432470246EFA7A00FB98E6 /* ItemFinderUITests */,
				1843244D246EFA7700FB98E6 /* Products */,
				2BF8936414D5AD8C05EDC737 /* Pods */,
				F076DD0CD1FCA4BA7DF5A008 /* Frameworks */,
			);
			sourceTree = "<group>";
		};
		1843244D246EFA7700FB98E6 /* Products */ = {
			isa = PBXGroup;
			children = (
				1843244C246EFA7700FB98E6 /* ItemFinder.app */,
				18432462246EFA7A00FB98E6 /* ItemFinderTests.xctest */,
				1843246D246EFA7A00FB98E6 /* ItemFinderUITests.xctest */,
			);
			name = Products;
			sourceTree = "<group>";
		};
		1843244E246EFA7700FB98E6 /* ItemFinder */ = {
			isa = PBXGroup;
			children = (
				18432488246F1B1A00FB98E6 /* Utils */,
				18432485246F143D00FB98E6 /* View */,
				1843247F246EFA8900FB98E6 /* Model */,
				18432482246EFF1900FB98E6 /* Controller */,
				18432451246EFA7700FB98E6 /* SceneDelegate.swift */,
				1843244F246EFA7700FB98E6 /* AppDelegate.swift */,
				18432458246EFA7A00FB98E6 /* Assets.xcassets */,
				18432455246EFA7700FB98E6 /* Main.storyboard */,
				1843245A246EFA7A00FB98E6 /* LaunchScreen.storyboard */,
				1843245D246EFA7A00FB98E6 /* Info.plist */,
				188B4ACB247185A900C39B0C /* GoogleService-Info.plist */,
			);
			path = ItemFinder;
			sourceTree = "<group>";
		};
		18432465246EFA7A00FB98E6 /* ItemFinderTests */ = {
			isa = PBXGroup;
			children = (
				18432468246EFA7A00FB98E6 /* Info.plist */,
				183FBD9D248CE73D006A7D3A /* Validation Service Tests.swift */,
				183FBECA24901C0800F9399C /* Search Options Menu View Tests.swift */,
				183FBED82492CB0300F9399C /* Search Item Table View Cell Tests.swift */,
				183FBEDC2496BE4200F9399C /* Mock Item Service.swift */,
				183FBEDE2496C1F100F9399C /* Item Service Tests.swift */,
				184952BB249AA968006C66C7 /* Search Item Table View Tests.swift */,
			);
			path = ItemFinderTests;
			sourceTree = "<group>";
		};
		18432470246EFA7A00FB98E6 /* ItemFinderUITests */ = {
			isa = PBXGroup;
			children = (
				18432471246EFA7A00FB98E6 /* ItemFinderUITests.swift */,
				18432473246EFA7A00FB98E6 /* Info.plist */,
				188B4AC92471839500C39B0C /* GoogleService-Info.plist */,
			);
			path = ItemFinderUITests;
			sourceTree = "<group>";
		};
		1843247F246EFA8900FB98E6 /* Model */ = {
			isa = PBXGroup;
			children = (
				18432480246EFAA300FB98E6 /* Item.swift */,
				183DE636247C4A760074C681 /* ItemForUpload.swift */,
				183E7751248D5CEC0096537D /* DownloadedItem.swift */,
			);
			path = Model;
			sourceTree = "<group>";
		};
		18432482246EFF1900FB98E6 /* Controller */ = {
			isa = PBXGroup;
			children = (
				183FBED32492B2AD00F9399C /* Main Controller */,
				183FBED02492B26300F9399C /* Search Item */,
				18E66370248000D8003CAB13 /* Add Item */,
				188B4ACD2471947600C39B0C /* SignUpVC */,
				1843248B246F2FB400FB98E6 /* ProfileVC.swift */,
			);
			path = Controller;
			sourceTree = "<group>";
		};
		18432485246F143D00FB98E6 /* View */ = {
			isa = PBXGroup;
			children = (
				183FBEC8248ECF8B00F9399C /* CustomImageVIew.swift */,
				184A259D2489892C0013C122 /* SignUpView.swift */,
				183E774F248D21920096537D /* SearchOptionsMenuView.swift */,
				183FBD99248C4F38006A7D3A /* SearchItemTableViewCell.swift */,
				183FBEDA2493BA6C00F9399C /* Downloaded Item Tests.swift */,
				18432483246EFF2F00FB98E6 /* ItemCell.swift */,
				188B4AD02471950600C39B0C /* ConfirmButton.swift */,
				183D27812477236D007708C8 /* ItemPhotoCVCell.swift */,
			);
			path = View;
			sourceTree = "<group>";
		};
		18432488246F1B1A00FB98E6 /* Utils */ = {
			isa = PBXGroup;
			children = (
				183FBECE2492B1A600F9399C /* SearchModule.swift */,
				18432489246F1B2500FB98E6 /* Extensions.swift */,
				183E352A24730DA300D0C20B /* Protocols.swift */,
				183E352C247319D100D0C20B /* Service.swift */,
				183E352E24731BDB00D0C20B /* Constants.swift */,
				18E663722480010C003CAB13 /* ValidationService.swift */,
				18E66376248003B5003CAB13 /* ImageSelectorDelegate.swift */,
				184A259F24898C250013C122 /* LocationManager.swift */,
			);
			path = Utils;
			sourceTree = "<group>";
		};
		188B4ACD2471947600C39B0C /* SignUpVC */ = {
			isa = PBXGroup;
			children = (
				188B4ACE2471949000C39B0C /* SignUpVC.swift */,
				183DC316247452E800422D8D /* LoginVC.swift */,
			);
			path = SignUpVC;
			sourceTree = "<group>";
		};
		18E66370248000D8003CAB13 /* Add Item */ = {
			isa = PBXGroup;
			children = (
				18E6637C248004B7003CAB13 /* AddItemView.swift */,
				1843248D246F4A3A00FB98E6 /* AddItemVC.swift */,
				18E6637A2480046D003CAB13 /* PhotoCVDataSource.swift */,
				18E6637824800440003CAB13 /* PhotoCVDelegate.swift */,
				183E40842486BBE600064F65 /* CategoryPicker.swift */,
			);
			path = "Add Item";
			sourceTree = "<group>";
		};
		2BF8936414D5AD8C05EDC737 /* Pods */ = {
			isa = PBXGroup;
			children = (
				CBBB4A8A533FFC29300922A7 /* Pods-ItemFinder.debug.xcconfig */,
				3059B92ECF18A4C9DAEEE73B /* Pods-ItemFinder.release.xcconfig */,
				BF0E95CCED2DC42A8941287E /* Pods-ItemFinder-ItemFinderUITests.debug.xcconfig */,
				01ADD645B0A9BAF72A7B8DDA /* Pods-ItemFinder-ItemFinderUITests.release.xcconfig */,
				252357E27A6AAAF58E9FCAE6 /* Pods-ItemFinderTests.debug.xcconfig */,
				2E356D867B5F1F124210C6E7 /* Pods-ItemFinderTests.release.xcconfig */,
			);
			path = Pods;
			sourceTree = "<group>";
		};
		F076DD0CD1FCA4BA7DF5A008 /* Frameworks */ = {
			isa = PBXGroup;
			children = (
				BEC37F2E8165D47E9DD37620 /* Pods_ItemFinder.framework */,
				A38D18D595F078CBE9A2EEF4 /* Pods_ItemFinder_ItemFinderUITests.framework */,
				CF09C9EA7F0E26FB5E58ADD9 /* Pods_ItemFinderTests.framework */,
			);
			name = Frameworks;
			sourceTree = "<group>";
		};
/* End PBXGroup section */

/* Begin PBXNativeTarget section */
		1843244B246EFA7700FB98E6 /* ItemFinder */ = {
			isa = PBXNativeTarget;
			buildConfigurationList = 18432476246EFA7A00FB98E6 /* Build configuration list for PBXNativeTarget "ItemFinder" */;
			buildPhases = (
				CD406AF9A4D4352B8BFC9672 /* [CP] Check Pods Manifest.lock */,
				18432448246EFA7700FB98E6 /* Sources */,
				18432449246EFA7700FB98E6 /* Frameworks */,
				1843244A246EFA7700FB98E6 /* Resources */,
				E04C7CC6B7F1029D45AFCE57 /* [CP] Embed Pods Frameworks */,
				9CA0F72F18F45051671416C8 /* [CP] Copy Pods Resources */,
			);
			buildRules = (
			);
			dependencies = (
			);
			name = ItemFinder;
			productName = ItemFinder;
			productReference = 1843244C246EFA7700FB98E6 /* ItemFinder.app */;
			productType = "com.apple.product-type.application";
		};
		18432461246EFA7A00FB98E6 /* ItemFinderTests */ = {
			isa = PBXNativeTarget;
			buildConfigurationList = 18432479246EFA7A00FB98E6 /* Build configuration list for PBXNativeTarget "ItemFinderTests" */;
			buildPhases = (
				427BD55BEB6E52B067909653 /* [CP] Check Pods Manifest.lock */,
				1843245E246EFA7A00FB98E6 /* Sources */,
				1843245F246EFA7A00FB98E6 /* Frameworks */,
				18432460246EFA7A00FB98E6 /* Resources */,
			);
			buildRules = (
			);
			dependencies = (
				18432464246EFA7A00FB98E6 /* PBXTargetDependency */,
			);
			name = ItemFinderTests;
			productName = ItemFinderTests;
			productReference = 18432462246EFA7A00FB98E6 /* ItemFinderTests.xctest */;
			productType = "com.apple.product-type.bundle.unit-test";
		};
		1843246C246EFA7A00FB98E6 /* ItemFinderUITests */ = {
			isa = PBXNativeTarget;
			buildConfigurationList = 1843247C246EFA7A00FB98E6 /* Build configuration list for PBXNativeTarget "ItemFinderUITests" */;
			buildPhases = (
				DAC8D82461B31EBDEAA9A4DD /* [CP] Check Pods Manifest.lock */,
				18432469246EFA7A00FB98E6 /* Sources */,
				1843246A246EFA7A00FB98E6 /* Frameworks */,
				1843246B246EFA7A00FB98E6 /* Resources */,
				A2EA727E8B1173AF14E97905 /* [CP] Embed Pods Frameworks */,
				C23A10A724D3C4B0C0FFB007 /* [CP] Copy Pods Resources */,
			);
			buildRules = (
			);
			dependencies = (
				1843246F246EFA7A00FB98E6 /* PBXTargetDependency */,
			);
			name = ItemFinderUITests;
			productName = ItemFinderUITests;
			productReference = 1843246D246EFA7A00FB98E6 /* ItemFinderUITests.xctest */;
			productType = "com.apple.product-type.bundle.ui-testing";
		};
/* End PBXNativeTarget section */

/* Begin PBXProject section */
		18432444246EFA7700FB98E6 /* Project object */ = {
			isa = PBXProject;
			attributes = {
				LastSwiftUpdateCheck = 1130;
				LastUpgradeCheck = 1130;
				ORGANIZATIONNAME = "Mattias Törnqvist";
				TargetAttributes = {
					1843244B246EFA7700FB98E6 = {
						CreatedOnToolsVersion = 11.3;
					};
					18432461246EFA7A00FB98E6 = {
						CreatedOnToolsVersion = 11.3;
						LastSwiftMigration = 1140;
						TestTargetID = 1843244B246EFA7700FB98E6;
					};
					1843246C246EFA7A00FB98E6 = {
						CreatedOnToolsVersion = 11.3;
						TestTargetID = 1843244B246EFA7700FB98E6;
					};
				};
			};
			buildConfigurationList = 18432447246EFA7700FB98E6 /* Build configuration list for PBXProject "ItemFinder" */;
			compatibilityVersion = "Xcode 9.3";
			developmentRegion = en;
			hasScannedForEncodings = 0;
			knownRegions = (
				en,
				Base,
			);
			mainGroup = 18432443246EFA7700FB98E6;
			productRefGroup = 1843244D246EFA7700FB98E6 /* Products */;
			projectDirPath = "";
			projectRoot = "";
			targets = (
				1843244B246EFA7700FB98E6 /* ItemFinder */,
				18432461246EFA7A00FB98E6 /* ItemFinderTests */,
				1843246C246EFA7A00FB98E6 /* ItemFinderUITests */,
			);
		};
/* End PBXProject section */

/* Begin PBXResourcesBuildPhase section */
		1843244A246EFA7700FB98E6 /* Resources */ = {
			isa = PBXResourcesBuildPhase;
			buildActionMask = 2147483647;
			files = (
				1843245C246EFA7A00FB98E6 /* LaunchScreen.storyboard in Resources */,
				18432459246EFA7A00FB98E6 /* Assets.xcassets in Resources */,
				18432457246EFA7700FB98E6 /* Main.storyboard in Resources */,
				188B4ACC247185AA00C39B0C /* GoogleService-Info.plist in Resources */,
			);
			runOnlyForDeploymentPostprocessing = 0;
		};
		18432460246EFA7A00FB98E6 /* Resources */ = {
			isa = PBXResourcesBuildPhase;
			buildActionMask = 2147483647;
			files = (
			);
			runOnlyForDeploymentPostprocessing = 0;
		};
		1843246B246EFA7A00FB98E6 /* Resources */ = {
			isa = PBXResourcesBuildPhase;
			buildActionMask = 2147483647;
			files = (
				188B4ACA2471839500C39B0C /* GoogleService-Info.plist in Resources */,
			);
			runOnlyForDeploymentPostprocessing = 0;
		};
/* End PBXResourcesBuildPhase section */

/* Begin PBXShellScriptBuildPhase section */
		427BD55BEB6E52B067909653 /* [CP] Check Pods Manifest.lock */ = {
			isa = PBXShellScriptBuildPhase;
			buildActionMask = 2147483647;
			files = (
			);
			inputFileListPaths = (
			);
			inputPaths = (
				"${PODS_PODFILE_DIR_PATH}/Podfile.lock",
				"${PODS_ROOT}/Manifest.lock",
			);
			name = "[CP] Check Pods Manifest.lock";
			outputFileListPaths = (
			);
			outputPaths = (
				"$(DERIVED_FILE_DIR)/Pods-ItemFinderTests-checkManifestLockResult.txt",
			);
			runOnlyForDeploymentPostprocessing = 0;
			shellPath = /bin/sh;
			shellScript = "diff \"${PODS_PODFILE_DIR_PATH}/Podfile.lock\" \"${PODS_ROOT}/Manifest.lock\" > /dev/null\nif [ $? != 0 ] ; then\n    # print error to STDERR\n    echo \"error: The sandbox is not in sync with the Podfile.lock. Run 'pod install' or update your CocoaPods installation.\" >&2\n    exit 1\nfi\n# This output is used by Xcode 'outputs' to avoid re-running this script phase.\necho \"SUCCESS\" > \"${SCRIPT_OUTPUT_FILE_0}\"\n";
			showEnvVarsInLog = 0;
		};
		9CA0F72F18F45051671416C8 /* [CP] Copy Pods Resources */ = {
			isa = PBXShellScriptBuildPhase;
			buildActionMask = 2147483647;
			files = (
			);
			inputFileListPaths = (
				"${PODS_ROOT}/Target Support Files/Pods-ItemFinder/Pods-ItemFinder-resources-${CONFIGURATION}-input-files.xcfilelist",
			);
			name = "[CP] Copy Pods Resources";
			outputFileListPaths = (
				"${PODS_ROOT}/Target Support Files/Pods-ItemFinder/Pods-ItemFinder-resources-${CONFIGURATION}-output-files.xcfilelist",
			);
			runOnlyForDeploymentPostprocessing = 0;
			shellPath = /bin/sh;
			shellScript = "\"${PODS_ROOT}/Target Support Files/Pods-ItemFinder/Pods-ItemFinder-resources.sh\"\n";
			showEnvVarsInLog = 0;
		};
		A2EA727E8B1173AF14E97905 /* [CP] Embed Pods Frameworks */ = {
			isa = PBXShellScriptBuildPhase;
			buildActionMask = 2147483647;
			files = (
			);
			inputFileListPaths = (
				"${PODS_ROOT}/Target Support Files/Pods-ItemFinder-ItemFinderUITests/Pods-ItemFinder-ItemFinderUITests-frameworks-${CONFIGURATION}-input-files.xcfilelist",
			);
			name = "[CP] Embed Pods Frameworks";
			outputFileListPaths = (
				"${PODS_ROOT}/Target Support Files/Pods-ItemFinder-ItemFinderUITests/Pods-ItemFinder-ItemFinderUITests-frameworks-${CONFIGURATION}-output-files.xcfilelist",
			);
			runOnlyForDeploymentPostprocessing = 0;
			shellPath = /bin/sh;
			shellScript = "\"${PODS_ROOT}/Target Support Files/Pods-ItemFinder-ItemFinderUITests/Pods-ItemFinder-ItemFinderUITests-frameworks.sh\"\n";
			showEnvVarsInLog = 0;
		};
		C23A10A724D3C4B0C0FFB007 /* [CP] Copy Pods Resources */ = {
			isa = PBXShellScriptBuildPhase;
			buildActionMask = 2147483647;
			files = (
			);
			inputFileListPaths = (
				"${PODS_ROOT}/Target Support Files/Pods-ItemFinder-ItemFinderUITests/Pods-ItemFinder-ItemFinderUITests-resources-${CONFIGURATION}-input-files.xcfilelist",
			);
			name = "[CP] Copy Pods Resources";
			outputFileListPaths = (
				"${PODS_ROOT}/Target Support Files/Pods-ItemFinder-ItemFinderUITests/Pods-ItemFinder-ItemFinderUITests-resources-${CONFIGURATION}-output-files.xcfilelist",
			);
			runOnlyForDeploymentPostprocessing = 0;
			shellPath = /bin/sh;
			shellScript = "\"${PODS_ROOT}/Target Support Files/Pods-ItemFinder-ItemFinderUITests/Pods-ItemFinder-ItemFinderUITests-resources.sh\"\n";
			showEnvVarsInLog = 0;
		};
		CD406AF9A4D4352B8BFC9672 /* [CP] Check Pods Manifest.lock */ = {
			isa = PBXShellScriptBuildPhase;
			buildActionMask = 2147483647;
			files = (
			);
			inputFileListPaths = (
			);
			inputPaths = (
				"${PODS_PODFILE_DIR_PATH}/Podfile.lock",
				"${PODS_ROOT}/Manifest.lock",
			);
			name = "[CP] Check Pods Manifest.lock";
			outputFileListPaths = (
			);
			outputPaths = (
				"$(DERIVED_FILE_DIR)/Pods-ItemFinder-checkManifestLockResult.txt",
			);
			runOnlyForDeploymentPostprocessing = 0;
			shellPath = /bin/sh;
			shellScript = "diff \"${PODS_PODFILE_DIR_PATH}/Podfile.lock\" \"${PODS_ROOT}/Manifest.lock\" > /dev/null\nif [ $? != 0 ] ; then\n    # print error to STDERR\n    echo \"error: The sandbox is not in sync with the Podfile.lock. Run 'pod install' or update your CocoaPods installation.\" >&2\n    exit 1\nfi\n# This output is used by Xcode 'outputs' to avoid re-running this script phase.\necho \"SUCCESS\" > \"${SCRIPT_OUTPUT_FILE_0}\"\n";
			showEnvVarsInLog = 0;
		};
		DAC8D82461B31EBDEAA9A4DD /* [CP] Check Pods Manifest.lock */ = {
			isa = PBXShellScriptBuildPhase;
			buildActionMask = 2147483647;
			files = (
			);
			inputFileListPaths = (
			);
			inputPaths = (
				"${PODS_PODFILE_DIR_PATH}/Podfile.lock",
				"${PODS_ROOT}/Manifest.lock",
			);
			name = "[CP] Check Pods Manifest.lock";
			outputFileListPaths = (
			);
			outputPaths = (
				"$(DERIVED_FILE_DIR)/Pods-ItemFinder-ItemFinderUITests-checkManifestLockResult.txt",
			);
			runOnlyForDeploymentPostprocessing = 0;
			shellPath = /bin/sh;
			shellScript = "diff \"${PODS_PODFILE_DIR_PATH}/Podfile.lock\" \"${PODS_ROOT}/Manifest.lock\" > /dev/null\nif [ $? != 0 ] ; then\n    # print error to STDERR\n    echo \"error: The sandbox is not in sync with the Podfile.lock. Run 'pod install' or update your CocoaPods installation.\" >&2\n    exit 1\nfi\n# This output is used by Xcode 'outputs' to avoid re-running this script phase.\necho \"SUCCESS\" > \"${SCRIPT_OUTPUT_FILE_0}\"\n";
			showEnvVarsInLog = 0;
		};
		E04C7CC6B7F1029D45AFCE57 /* [CP] Embed Pods Frameworks */ = {
			isa = PBXShellScriptBuildPhase;
			buildActionMask = 2147483647;
			files = (
			);
			inputFileListPaths = (
				"${PODS_ROOT}/Target Support Files/Pods-ItemFinder/Pods-ItemFinder-frameworks-${CONFIGURATION}-input-files.xcfilelist",
			);
			name = "[CP] Embed Pods Frameworks";
			outputFileListPaths = (
				"${PODS_ROOT}/Target Support Files/Pods-ItemFinder/Pods-ItemFinder-frameworks-${CONFIGURATION}-output-files.xcfilelist",
			);
			runOnlyForDeploymentPostprocessing = 0;
			shellPath = /bin/sh;
			shellScript = "\"${PODS_ROOT}/Target Support Files/Pods-ItemFinder/Pods-ItemFinder-frameworks.sh\"\n";
			showEnvVarsInLog = 0;
		};
/* End PBXShellScriptBuildPhase section */

/* Begin PBXSourcesBuildPhase section */
		18432448246EFA7700FB98E6 /* Sources */ = {
			isa = PBXSourcesBuildPhase;
			buildActionMask = 2147483647;
			files = (
				18432481246EFAA300FB98E6 /* Item.swift in Sources */,
				188B4ACF2471949000C39B0C /* SignUpVC.swift in Sources */,
				184A25A024898C250013C122 /* LocationManager.swift in Sources */,
				183FBED42492B2CD00F9399C /* SearchModule.swift in Sources */,
				183E7752248D5CEC0096537D /* DownloadedItem.swift in Sources */,
				183DC317247452E800422D8D /* LoginVC.swift in Sources */,
				183D27822477236D007708C8 /* ItemPhotoCVCell.swift in Sources */,
				184A259E2489892C0013C122 /* SignUpView.swift in Sources */,
				183FBED72492B42E00F9399C /* SearchOptionsMenuVC.swift in Sources */,
				18432450246EFA7700FB98E6 /* AppDelegate.swift in Sources */,
				183FBD9A248C4F38006A7D3A /* SearchItemTableViewCell.swift in Sources */,
				183E352B24730DA300D0C20B /* Protocols.swift in Sources */,
				18432452246EFA7700FB98E6 /* SceneDelegate.swift in Sources */,
				183EA35C248423880082BAB0 /* MainItemCVDataSource.swift in Sources */,
				183E352D247319D100D0C20B /* Service.swift in Sources */,
				18E663732480010C003CAB13 /* ValidationService.swift in Sources */,
				1843248E246F4A3A00FB98E6 /* AddItemVC.swift in Sources */,
				183E352F24731BDB00D0C20B /* Constants.swift in Sources */,
				18432487246F152B00FB98E6 /* MainItemCollectionView.swift in Sources */,
				18E66377248003B5003CAB13 /* ImageSelectorDelegate.swift in Sources */,
				18E6637924800440003CAB13 /* PhotoCVDelegate.swift in Sources */,
				18432484246EFF2F00FB98E6 /* ItemCell.swift in Sources */,
				18E6637B2480046D003CAB13 /* PhotoCVDataSource.swift in Sources */,
				1843248C246F2FB400FB98E6 /* ProfileVC.swift in Sources */,
				183E7750248D21920096537D /* SearchOptionsMenuView.swift in Sources */,
				183FBED62492B42300F9399C /* SearchTableDataSourceAndDelegate.swift in Sources */,
				188B4AD12471950600C39B0C /* ConfirmButton.swift in Sources */,
				183E40852486BBE600064F65 /* CategoryPicker.swift in Sources */,
				18E6637D248004B7003CAB13 /* AddItemView.swift in Sources */,
				183DE637247C4A760074C681 /* ItemForUpload.swift in Sources */,
				183FBEC9248ECF8B00F9399C /* CustomImageVIew.swift in Sources */,
				183FBED52492B3DC00F9399C /* SearchTableVC.swift in Sources */,
				1843248A246F1B2500FB98E6 /* Extensions.swift in Sources */,
			);
			runOnlyForDeploymentPostprocessing = 0;
		};
		1843245E246EFA7A00FB98E6 /* Sources */ = {
			isa = PBXSourcesBuildPhase;
			buildActionMask = 2147483647;
			files = (
				184952BC249AA968006C66C7 /* Search Item Table View Tests.swift in Sources */,
				183FBECB24901C0800F9399C /* Search Options Menu View Tests.swift in Sources */,
				183FBEDB2493BA6C00F9399C /* Downloaded Item Tests.swift in Sources */,
				183FBEDF2496C1F100F9399C /* Item Service Tests.swift in Sources */,
				183FBED92492CB0300F9399C /* Search Item Table View Cell Tests.swift in Sources */,
				183FBD9E248CE73D006A7D3A /* Validation Service Tests.swift in Sources */,
				183FBEDD2496BE4200F9399C /* Mock Item Service.swift in Sources */,
			);
			runOnlyForDeploymentPostprocessing = 0;
		};
		18432469246EFA7A00FB98E6 /* Sources */ = {
			isa = PBXSourcesBuildPhase;
			buildActionMask = 2147483647;
			files = (
				18432472246EFA7A00FB98E6 /* ItemFinderUITests.swift in Sources */,
			);
			runOnlyForDeploymentPostprocessing = 0;
		};
/* End PBXSourcesBuildPhase section */

/* Begin PBXTargetDependency section */
		18432464246EFA7A00FB98E6 /* PBXTargetDependency */ = {
			isa = PBXTargetDependency;
			target = 1843244B246EFA7700FB98E6 /* ItemFinder */;
			targetProxy = 18432463246EFA7A00FB98E6 /* PBXContainerItemProxy */;
		};
		1843246F246EFA7A00FB98E6 /* PBXTargetDependency */ = {
			isa = PBXTargetDependency;
			target = 1843244B246EFA7700FB98E6 /* ItemFinder */;
			targetProxy = 1843246E246EFA7A00FB98E6 /* PBXContainerItemProxy */;
		};
/* End PBXTargetDependency section */

/* Begin PBXVariantGroup section */
		18432455246EFA7700FB98E6 /* Main.storyboard */ = {
			isa = PBXVariantGroup;
			children = (
				18432456246EFA7700FB98E6 /* Base */,
			);
			name = Main.storyboard;
			sourceTree = "<group>";
		};
		1843245A246EFA7A00FB98E6 /* LaunchScreen.storyboard */ = {
			isa = PBXVariantGroup;
			children = (
				1843245B246EFA7A00FB98E6 /* Base */,
			);
			name = LaunchScreen.storyboard;
			sourceTree = "<group>";
		};
/* End PBXVariantGroup section */

/* Begin XCBuildConfiguration section */
		18432474246EFA7A00FB98E6 /* Debug */ = {
			isa = XCBuildConfiguration;
			buildSettings = {
				ALWAYS_SEARCH_USER_PATHS = NO;
				CLANG_ANALYZER_NONNULL = YES;
				CLANG_ANALYZER_NUMBER_OBJECT_CONVERSION = YES_AGGRESSIVE;
				CLANG_CXX_LANGUAGE_STANDARD = "gnu++14";
				CLANG_CXX_LIBRARY = "libc++";
				CLANG_ENABLE_MODULES = YES;
				CLANG_ENABLE_OBJC_ARC = YES;
				CLANG_ENABLE_OBJC_WEAK = YES;
				CLANG_WARN_BLOCK_CAPTURE_AUTORELEASING = YES;
				CLANG_WARN_BOOL_CONVERSION = YES;
				CLANG_WARN_COMMA = YES;
				CLANG_WARN_CONSTANT_CONVERSION = YES;
				CLANG_WARN_DEPRECATED_OBJC_IMPLEMENTATIONS = YES;
				CLANG_WARN_DIRECT_OBJC_ISA_USAGE = YES_ERROR;
				CLANG_WARN_DOCUMENTATION_COMMENTS = YES;
				CLANG_WARN_EMPTY_BODY = YES;
				CLANG_WARN_ENUM_CONVERSION = YES;
				CLANG_WARN_INFINITE_RECURSION = YES;
				CLANG_WARN_INT_CONVERSION = YES;
				CLANG_WARN_NON_LITERAL_NULL_CONVERSION = YES;
				CLANG_WARN_OBJC_IMPLICIT_RETAIN_SELF = YES;
				CLANG_WARN_OBJC_LITERAL_CONVERSION = YES;
				CLANG_WARN_OBJC_ROOT_CLASS = YES_ERROR;
				CLANG_WARN_RANGE_LOOP_ANALYSIS = YES;
				CLANG_WARN_STRICT_PROTOTYPES = YES;
				CLANG_WARN_SUSPICIOUS_MOVE = YES;
				CLANG_WARN_UNGUARDED_AVAILABILITY = YES_AGGRESSIVE;
				CLANG_WARN_UNREACHABLE_CODE = YES;
				CLANG_WARN__DUPLICATE_METHOD_MATCH = YES;
				COPY_PHASE_STRIP = NO;
				DEBUG_INFORMATION_FORMAT = dwarf;
				ENABLE_STRICT_OBJC_MSGSEND = YES;
				ENABLE_TESTABILITY = YES;
				GCC_C_LANGUAGE_STANDARD = gnu11;
				GCC_DYNAMIC_NO_PIC = NO;
				GCC_NO_COMMON_BLOCKS = YES;
				GCC_OPTIMIZATION_LEVEL = 0;
				GCC_PREPROCESSOR_DEFINITIONS = (
					"DEBUG=1",
					"$(inherited)",
				);
				GCC_WARN_64_TO_32_BIT_CONVERSION = YES;
				GCC_WARN_ABOUT_RETURN_TYPE = YES_ERROR;
				GCC_WARN_UNDECLARED_SELECTOR = YES;
				GCC_WARN_UNINITIALIZED_AUTOS = YES_AGGRESSIVE;
				GCC_WARN_UNUSED_FUNCTION = YES;
				GCC_WARN_UNUSED_VARIABLE = YES;
				IPHONEOS_DEPLOYMENT_TARGET = 13.2;
				MTL_ENABLE_DEBUG_INFO = INCLUDE_SOURCE;
				MTL_FAST_MATH = YES;
				ONLY_ACTIVE_ARCH = YES;
				SDKROOT = iphoneos;
				SWIFT_ACTIVE_COMPILATION_CONDITIONS = DEBUG;
				SWIFT_OPTIMIZATION_LEVEL = "-Onone";
			};
			name = Debug;
		};
		18432475246EFA7A00FB98E6 /* Release */ = {
			isa = XCBuildConfiguration;
			buildSettings = {
				ALWAYS_SEARCH_USER_PATHS = NO;
				CLANG_ANALYZER_NONNULL = YES;
				CLANG_ANALYZER_NUMBER_OBJECT_CONVERSION = YES_AGGRESSIVE;
				CLANG_CXX_LANGUAGE_STANDARD = "gnu++14";
				CLANG_CXX_LIBRARY = "libc++";
				CLANG_ENABLE_MODULES = YES;
				CLANG_ENABLE_OBJC_ARC = YES;
				CLANG_ENABLE_OBJC_WEAK = YES;
				CLANG_WARN_BLOCK_CAPTURE_AUTORELEASING = YES;
				CLANG_WARN_BOOL_CONVERSION = YES;
				CLANG_WARN_COMMA = YES;
				CLANG_WARN_CONSTANT_CONVERSION = YES;
				CLANG_WARN_DEPRECATED_OBJC_IMPLEMENTATIONS = YES;
				CLANG_WARN_DIRECT_OBJC_ISA_USAGE = YES_ERROR;
				CLANG_WARN_DOCUMENTATION_COMMENTS = YES;
				CLANG_WARN_EMPTY_BODY = YES;
				CLANG_WARN_ENUM_CONVERSION = YES;
				CLANG_WARN_INFINITE_RECURSION = YES;
				CLANG_WARN_INT_CONVERSION = YES;
				CLANG_WARN_NON_LITERAL_NULL_CONVERSION = YES;
				CLANG_WARN_OBJC_IMPLICIT_RETAIN_SELF = YES;
				CLANG_WARN_OBJC_LITERAL_CONVERSION = YES;
				CLANG_WARN_OBJC_ROOT_CLASS = YES_ERROR;
				CLANG_WARN_RANGE_LOOP_ANALYSIS = YES;
				CLANG_WARN_STRICT_PROTOTYPES = YES;
				CLANG_WARN_SUSPICIOUS_MOVE = YES;
				CLANG_WARN_UNGUARDED_AVAILABILITY = YES_AGGRESSIVE;
				CLANG_WARN_UNREACHABLE_CODE = YES;
				CLANG_WARN__DUPLICATE_METHOD_MATCH = YES;
				COPY_PHASE_STRIP = NO;
				DEBUG_INFORMATION_FORMAT = "dwarf-with-dsym";
				ENABLE_NS_ASSERTIONS = NO;
				ENABLE_STRICT_OBJC_MSGSEND = YES;
				GCC_C_LANGUAGE_STANDARD = gnu11;
				GCC_NO_COMMON_BLOCKS = YES;
				GCC_WARN_64_TO_32_BIT_CONVERSION = YES;
				GCC_WARN_ABOUT_RETURN_TYPE = YES_ERROR;
				GCC_WARN_UNDECLARED_SELECTOR = YES;
				GCC_WARN_UNINITIALIZED_AUTOS = YES_AGGRESSIVE;
				GCC_WARN_UNUSED_FUNCTION = YES;
				GCC_WARN_UNUSED_VARIABLE = YES;
				IPHONEOS_DEPLOYMENT_TARGET = 13.2;
				MTL_ENABLE_DEBUG_INFO = NO;
				MTL_FAST_MATH = YES;
				SDKROOT = iphoneos;
				SWIFT_COMPILATION_MODE = wholemodule;
				SWIFT_OPTIMIZATION_LEVEL = "-O";
				VALIDATE_PRODUCT = YES;
			};
			name = Release;
		};
		18432477246EFA7A00FB98E6 /* Debug */ = {
			isa = XCBuildConfiguration;
			baseConfigurationReference = CBBB4A8A533FFC29300922A7 /* Pods-ItemFinder.debug.xcconfig */;
			buildSettings = {
				ASSETCATALOG_COMPILER_APPICON_NAME = AppIcon;
				CODE_SIGN_STYLE = Automatic;
				DEVELOPMENT_TEAM = WG4UTZ7ADU;
				INFOPLIST_FILE = ItemFinder/Info.plist;
				LD_RUNPATH_SEARCH_PATHS = (
					"$(inherited)",
					"@executable_path/Frameworks",
				);
				PRODUCT_BUNDLE_IDENTIFIER = com.mattiasprivate.ItemFinder;
				PRODUCT_NAME = "$(TARGET_NAME)";
				SWIFT_VERSION = 5.0;
				TARGETED_DEVICE_FAMILY = "1,2";
			};
			name = Debug;
		};
		18432478246EFA7A00FB98E6 /* Release */ = {
			isa = XCBuildConfiguration;
			baseConfigurationReference = 3059B92ECF18A4C9DAEEE73B /* Pods-ItemFinder.release.xcconfig */;
			buildSettings = {
				ASSETCATALOG_COMPILER_APPICON_NAME = AppIcon;
				CODE_SIGN_STYLE = Automatic;
				DEVELOPMENT_TEAM = WG4UTZ7ADU;
				INFOPLIST_FILE = ItemFinder/Info.plist;
				LD_RUNPATH_SEARCH_PATHS = (
					"$(inherited)",
					"@executable_path/Frameworks",
				);
				PRODUCT_BUNDLE_IDENTIFIER = com.mattiasprivate.ItemFinder;
				PRODUCT_NAME = "$(TARGET_NAME)";
				SWIFT_VERSION = 5.0;
				TARGETED_DEVICE_FAMILY = "1,2";
			};
			name = Release;
		};
		1843247A246EFA7A00FB98E6 /* Debug */ = {
			isa = XCBuildConfiguration;
			baseConfigurationReference = 252357E27A6AAAF58E9FCAE6 /* Pods-ItemFinderTests.debug.xcconfig */;
			buildSettings = {
				ALWAYS_EMBED_SWIFT_STANDARD_LIBRARIES = YES;
				BUNDLE_LOADER = "$(TEST_HOST)";
				CLANG_ENABLE_MODULES = YES;
				CODE_SIGN_STYLE = Automatic;
				DEVELOPMENT_TEAM = WG4UTZ7ADU;
				INFOPLIST_FILE = ItemFinderTests/Info.plist;
				IPHONEOS_DEPLOYMENT_TARGET = 13.2;
				LD_RUNPATH_SEARCH_PATHS = (
					"$(inherited)",
					"@executable_path/Frameworks",
					"@loader_path/Frameworks",
				);
				PRODUCT_BUNDLE_IDENTIFIER = com.mattiasprivate.ItemFinderTests;
				PRODUCT_NAME = "$(TARGET_NAME)";
				SWIFT_OPTIMIZATION_LEVEL = "-Onone";
				SWIFT_VERSION = 5.0;
				TARGETED_DEVICE_FAMILY = "1,2";
				TEST_HOST = "$(BUILT_PRODUCTS_DIR)/ItemFinder.app/ItemFinder";
			};
			name = Debug;
		};
		1843247B246EFA7A00FB98E6 /* Release */ = {
			isa = XCBuildConfiguration;
			baseConfigurationReference = 2E356D867B5F1F124210C6E7 /* Pods-ItemFinderTests.release.xcconfig */;
			buildSettings = {
				ALWAYS_EMBED_SWIFT_STANDARD_LIBRARIES = YES;
				BUNDLE_LOADER = "$(TEST_HOST)";
				CLANG_ENABLE_MODULES = YES;
				CODE_SIGN_STYLE = Automatic;
				DEVELOPMENT_TEAM = WG4UTZ7ADU;
				INFOPLIST_FILE = ItemFinderTests/Info.plist;
				IPHONEOS_DEPLOYMENT_TARGET = 13.2;
				LD_RUNPATH_SEARCH_PATHS = (
					"$(inherited)",
					"@executable_path/Frameworks",
					"@loader_path/Frameworks",
				);
				PRODUCT_BUNDLE_IDENTIFIER = com.mattiasprivate.ItemFinderTests;
				PRODUCT_NAME = "$(TARGET_NAME)";
				SWIFT_VERSION = 5.0;
				TARGETED_DEVICE_FAMILY = "1,2";
				TEST_HOST = "$(BUILT_PRODUCTS_DIR)/ItemFinder.app/ItemFinder";
			};
			name = Release;
		};
		1843247D246EFA7A00FB98E6 /* Debug */ = {
			isa = XCBuildConfiguration;
			baseConfigurationReference = BF0E95CCED2DC42A8941287E /* Pods-ItemFinder-ItemFinderUITests.debug.xcconfig */;
			buildSettings = {
				ALWAYS_EMBED_SWIFT_STANDARD_LIBRARIES = YES;
				CODE_SIGN_STYLE = Automatic;
				DEVELOPMENT_TEAM = WG4UTZ7ADU;
				INFOPLIST_FILE = ItemFinderUITests/Info.plist;
				LD_RUNPATH_SEARCH_PATHS = (
					"$(inherited)",
					"@executable_path/Frameworks",
					"@loader_path/Frameworks",
				);
				PRODUCT_BUNDLE_IDENTIFIER = com.mattiasprivate.ItemFinderUITests;
				PRODUCT_NAME = "$(TARGET_NAME)";
				SWIFT_VERSION = 5.0;
				TARGETED_DEVICE_FAMILY = "1,2";
				TEST_TARGET_NAME = ItemFinder;
			};
			name = Debug;
		};
		1843247E246EFA7A00FB98E6 /* Release */ = {
			isa = XCBuildConfiguration;
			baseConfigurationReference = 01ADD645B0A9BAF72A7B8DDA /* Pods-ItemFinder-ItemFinderUITests.release.xcconfig */;
			buildSettings = {
				ALWAYS_EMBED_SWIFT_STANDARD_LIBRARIES = YES;
				CODE_SIGN_STYLE = Automatic;
				DEVELOPMENT_TEAM = WG4UTZ7ADU;
				INFOPLIST_FILE = ItemFinderUITests/Info.plist;
				LD_RUNPATH_SEARCH_PATHS = (
					"$(inherited)",
					"@executable_path/Frameworks",
					"@loader_path/Frameworks",
				);
				PRODUCT_BUNDLE_IDENTIFIER = com.mattiasprivate.ItemFinderUITests;
				PRODUCT_NAME = "$(TARGET_NAME)";
				SWIFT_VERSION = 5.0;
				TARGETED_DEVICE_FAMILY = "1,2";
				TEST_TARGET_NAME = ItemFinder;
			};
			name = Release;
		};
/* End XCBuildConfiguration section */

/* Begin XCConfigurationList section */
		18432447246EFA7700FB98E6 /* Build configuration list for PBXProject "ItemFinder" */ = {
			isa = XCConfigurationList;
			buildConfigurations = (
				18432474246EFA7A00FB98E6 /* Debug */,
				18432475246EFA7A00FB98E6 /* Release */,
			);
			defaultConfigurationIsVisible = 0;
			defaultConfigurationName = Release;
		};
		18432476246EFA7A00FB98E6 /* Build configuration list for PBXNativeTarget "ItemFinder" */ = {
			isa = XCConfigurationList;
			buildConfigurations = (
				18432477246EFA7A00FB98E6 /* Debug */,
				18432478246EFA7A00FB98E6 /* Release */,
			);
			defaultConfigurationIsVisible = 0;
			defaultConfigurationName = Release;
		};
		18432479246EFA7A00FB98E6 /* Build configuration list for PBXNativeTarget "ItemFinderTests" */ = {
			isa = XCConfigurationList;
			buildConfigurations = (
				1843247A246EFA7A00FB98E6 /* Debug */,
				1843247B246EFA7A00FB98E6 /* Release */,
			);
			defaultConfigurationIsVisible = 0;
			defaultConfigurationName = Release;
		};
		1843247C246EFA7A00FB98E6 /* Build configuration list for PBXNativeTarget "ItemFinderUITests" */ = {
			isa = XCConfigurationList;
			buildConfigurations = (
				1843247D246EFA7A00FB98E6 /* Debug */,
				1843247E246EFA7A00FB98E6 /* Release */,
			);
			defaultConfigurationIsVisible = 0;
			defaultConfigurationName = Release;
		};
/* End XCConfigurationList section */
	};
	rootObject = 18432444246EFA7700FB98E6 /* Project object */;
}
